
Microsoft Visual Studio Solution File, Format Version 12.00
# Visual Studio Version 16
VisualStudioVersion = 16.0.31624.102
MinimumVisualStudioVersion = 10.0.40219.1
Project("{9A19103F-16F7-4668-BE54-9A1E7A4F7556}") = "Ex1a", "Ex1a\Ex1a.csproj", "{1E05F272-F5FC-4946-9357-8053961D40CB}"
EndProject
Project("{9A19103F-16F7-4668-BE54-9A1E7A4F7556}") = "Ex1b", "Ex1b\Ex1b.csproj", "{6B4B15B3-ADEB-4C11-BE47-0F0987B9AACB}"
EndProject
Project("{9A19103F-16F7-4668-BE54-9A1E7A4F7556}") = "Ex1c", "Ex1c\Ex1c.csproj", "{301654C7-71DE-4F19-8901-0723E39185E3}"
EndProject
Project("{9A19103F-16F7-4668-BE54-9A1E7A4F7556}") = "Ex2a", "Ex2a\Ex2a.csproj", "{0D878CB3-ACA2-4E30-8E8A-0D228330BEF2}"
EndProject
Project("{9A19103F-16F7-4668-BE54-9A1E7A4F7556}") = "Ex2b", "Ex2b\Ex2b.csproj", "{219FFDB7-5190-4886-B765-BF13216C7903}"
EndProject
Project("{9A19103F-16F7-4668-BE54-9A1E7A4F7556}") = "Ex2c", "Ex2c\Ex2c.csproj", "{798C73B2-6F82-4589-836B-333CC2BCFA71}"
EndProject
Project("{9A19103F-16F7-4668-BE54-9A1E7A4F7556}") = "Ex2d", "Ex2d\Ex2d.csproj", "{7500E6F9-F017-4CDC-9B1A-1D7A8A17C35E}"
EndProject
Project("{9A19103F-16F7-4668-BE54-9A1E7A4F7556}") = "Ex3a", "Ex3a\Ex3a.csproj", "{4964A70E-343D-4940-81D2-58443C7B61C2}"
EndProject
Project("{9A19103F-16F7-4668-BE54-9A1E7A4F7556}") = "Ex3b", "Ex3b\Ex3b.csproj", "{AE830187-364A-46DC-94EE-6746C5BF6BC4}"
EndProject
Project("{9A19103F-16F7-4668-BE54-9A1E7A4F7556}") = "Ex3c", "Ex3c\Ex3c.csproj", "{ABDBB035-0C36-473D-9483-1117A05BB393}"
EndProject
Project("{9A19103F-16F7-4668-BE54-9A1E7A4F7556}") = "Ex3d", "Ex3d\Ex3d.csproj", "{55A0CB08-0C28-4BBD-910E-00068968BE6D}"
EndProject
Project("{9A19103F-16F7-4668-BE54-9A1E7A4F7556}") = "Ex3e", "Ex3e\Ex3e.csproj", "{BF21FB28-765E-4910-AA31-537CF941CB12}"
EndProject
Project("{9A19103F-16F7-4668-BE54-9A1E7A4F7556}") = "Ex3f", "Ex3f\Ex3f.csproj", "{634078AE-C756-4239-B08D-8759F1EE61EC}"
EndProject
Project("{9A19103F-16F7-4668-BE54-9A1E7A4F7556}") = "Ex3g", "Ex3g\Ex3g.csproj", "{337D27C5-EB1E-40EC-A955-A52992D068F7}"
EndProject
Project("{9A19103F-16F7-4668-BE54-9A1E7A4F7556}") = "Ex4a", "Ex4a\Ex4a.csproj", "{1FEB39C2-94B3-47AD-8454-ED79F45E63B0}"
EndProject
Project("{9A19103F-16F7-4668-BE54-9A1E7A4F7556}") = "Ex4b", "Ex4b\Ex4b.csproj", "{32DA1C7E-20CF-46F0-9FCD-3D1F502055C1}"
EndProject
Project("{9A19103F-16F7-4668-BE54-9A1E7A4F7556}") = "Ex4cExtension", "Ex4Extension\Ex4cExtension.csproj", "{68F8D8AD-F1FF-4460-82E5-E2AB9108B72D}"
EndProject
Project("{9A19103F-16F7-4668-BE54-9A1E7A4F7556}") = "Ex6a", "Ex6a\Ex6a.csproj", "{148DE72E-BCC3-4E89-8B5D-46CE929FE6ED}"
EndProject
Project("{9A19103F-16F7-4668-BE54-9A1E7A4F7556}") = "Ex5a", "Ex5a\Ex5a.csproj", "{786764C2-2AA4-4E1A-997A-69A4B104FE02}"
EndProject
Project("{9A19103F-16F7-4668-BE54-9A1E7A4F7556}") = "Ex5b", "Ex5b\Ex5b.csproj", "{4945F7C5-5372-4700-BE82-D058F2CE17CC}"
EndProject
Project("{9A19103F-16F7-4668-BE54-9A1E7A4F7556}") = "Ex5c", "Ex5c\Ex5c.csproj", "{8296A013-6234-4613-B5B4-ED0172A5AC1F}"
EndProject
Project("{9A19103F-16F7-4668-BE54-9A1E7A4F7556}") = "Ex5d", "Ex5d\Ex5d.csproj", "{6773EC7F-4A38-4BCB-A374-9B9BA05640EC}"
EndProject
Project("{9A19103F-16F7-4668-BE54-9A1E7A4F7556}") = "Ex6b", "Ex6b\Ex6b.csproj", "{0D0382B4-EFE2-482F-9E82-F5B61350B9FC}"
EndProject
Project("{FAE04EC0-301F-11D3-BF4B-00C04F79EFBC}") = "Ex7", "Ex7\Ex7.csproj", "{B00A07E6-2AC2-4185-A4B1-894AC4C1DDDB}"
EndProject
Project("{FAE04EC0-301F-11D3-BF4B-00C04F79EFBC}") = "Ex8", "Ex8\Ex8.csproj", "{C1BCF3D1-0892-4BE6-9E57-0F7681997ABB}"
EndProject
Global
	GlobalSection(SolutionConfigurationPlatforms) = preSolution
		Debug|Any CPU = Debug|Any CPU
		Release|Any CPU = Release|Any CPU
	EndGlobalSection
	GlobalSection(ProjectConfigurationPlatforms) = postSolution
		{1E05F272-F5FC-4946-9357-8053961D40CB}.Debug|Any CPU.ActiveCfg = Debug|Any CPU
		{1E05F272-F5FC-4946-9357-8053961D40CB}.Debug|Any CPU.Build.0 = Debug|Any CPU
		{1E05F272-F5FC-4946-9357-8053961D40CB}.Release|Any CPU.ActiveCfg = Release|Any CPU
		{1E05F272-F5FC-4946-9357-8053961D40CB}.Release|Any CPU.Build.0 = Release|Any CPU
		{6B4B15B3-ADEB-4C11-BE47-0F0987B9AACB}.Debug|Any CPU.ActiveCfg = Debug|Any CPU
		{6B4B15B3-ADEB-4C11-BE47-0F0987B9AACB}.Debug|Any CPU.Build.0 = Debug|Any CPU
		{6B4B15B3-ADEB-4C11-BE47-0F0987B9AACB}.Release|Any CPU.ActiveCfg = Release|Any CPU
		{6B4B15B3-ADEB-4C11-BE47-0F0987B9AACB}.Release|Any CPU.Build.0 = Release|Any CPU
		{301654C7-71DE-4F19-8901-0723E39185E3}.Debug|Any CPU.ActiveCfg = Debug|Any CPU
		{301654C7-71DE-4F19-8901-0723E39185E3}.Debug|Any CPU.Build.0 = Debug|Any CPU
		{301654C7-71DE-4F19-8901-0723E39185E3}.Release|Any CPU.ActiveCfg = Release|Any CPU
		{301654C7-71DE-4F19-8901-0723E39185E3}.Release|Any CPU.Build.0 = Release|Any CPU
		{0D878CB3-ACA2-4E30-8E8A-0D228330BEF2}.Debug|Any CPU.ActiveCfg = Debug|Any CPU
		{0D878CB3-ACA2-4E30-8E8A-0D228330BEF2}.Debug|Any CPU.Build.0 = Debug|Any CPU
		{0D878CB3-ACA2-4E30-8E8A-0D228330BEF2}.Release|Any CPU.ActiveCfg = Release|Any CPU
		{0D878CB3-ACA2-4E30-8E8A-0D228330BEF2}.Release|Any CPU.Build.0 = Release|Any CPU
		{219FFDB7-5190-4886-B765-BF13216C7903}.Debug|Any CPU.ActiveCfg = Debug|Any CPU
		{219FFDB7-5190-4886-B765-BF13216C7903}.Debug|Any CPU.Build.0 = Debug|Any CPU
		{219FFDB7-5190-4886-B765-BF13216C7903}.Release|Any CPU.ActiveCfg = Release|Any CPU
		{219FFDB7-5190-4886-B765-BF13216C7903}.Release|Any CPU.Build.0 = Release|Any CPU
		{798C73B2-6F82-4589-836B-333CC2BCFA71}.Debug|Any CPU.ActiveCfg = Debug|Any CPU
		{798C73B2-6F82-4589-836B-333CC2BCFA71}.Debug|Any CPU.Build.0 = Debug|Any CPU
		{798C73B2-6F82-4589-836B-333CC2BCFA71}.Release|Any CPU.ActiveCfg = Release|Any CPU
		{798C73B2-6F82-4589-836B-333CC2BCFA71}.Release|Any CPU.Build.0 = Release|Any CPU
		{7500E6F9-F017-4CDC-9B1A-1D7A8A17C35E}.Debug|Any CPU.ActiveCfg = Debug|Any CPU
		{7500E6F9-F017-4CDC-9B1A-1D7A8A17C35E}.Debug|Any CPU.Build.0 = Debug|Any CPU
		{7500E6F9-F017-4CDC-9B1A-1D7A8A17C35E}.Release|Any CPU.ActiveCfg = Release|Any CPU
		{7500E6F9-F017-4CDC-9B1A-1D7A8A17C35E}.Release|Any CPU.Build.0 = Release|Any CPU
		{4964A70E-343D-4940-81D2-58443C7B61C2}.Debug|Any CPU.ActiveCfg = Debug|Any CPU
		{4964A70E-343D-4940-81D2-58443C7B61C2}.Debug|Any CPU.Build.0 = Debug|Any CPU
		{4964A70E-343D-4940-81D2-58443C7B61C2}.Release|Any CPU.ActiveCfg = Release|Any CPU
		{4964A70E-343D-4940-81D2-58443C7B61C2}.Release|Any CPU.Build.0 = Release|Any CPU
		{AE830187-364A-46DC-94EE-6746C5BF6BC4}.Debug|Any CPU.ActiveCfg = Debug|Any CPU
		{AE830187-364A-46DC-94EE-6746C5BF6BC4}.Debug|Any CPU.Build.0 = Debug|Any CPU
		{AE830187-364A-46DC-94EE-6746C5BF6BC4}.Release|Any CPU.ActiveCfg = Release|Any CPU
		{AE830187-364A-46DC-94EE-6746C5BF6BC4}.Release|Any CPU.Build.0 = Release|Any CPU
		{ABDBB035-0C36-473D-9483-1117A05BB393}.Debug|Any CPU.ActiveCfg = Debug|Any CPU
		{ABDBB035-0C36-473D-9483-1117A05BB393}.Debug|Any CPU.Build.0 = Debug|Any CPU
		{ABDBB035-0C36-473D-9483-1117A05BB393}.Release|Any CPU.ActiveCfg = Release|Any CPU
		{ABDBB035-0C36-473D-9483-1117A05BB393}.Release|Any CPU.Build.0 = Release|Any CPU
		{55A0CB08-0C28-4BBD-910E-00068968BE6D}.Debug|Any CPU.ActiveCfg = Debug|Any CPU
		{55A0CB08-0C28-4BBD-910E-00068968BE6D}.Debug|Any CPU.Build.0 = Debug|Any CPU
		{55A0CB08-0C28-4BBD-910E-00068968BE6D}.Release|Any CPU.ActiveCfg = Release|Any CPU
		{55A0CB08-0C28-4BBD-910E-00068968BE6D}.Release|Any CPU.Build.0 = Release|Any CPU
		{BF21FB28-765E-4910-AA31-537CF941CB12}.Debug|Any CPU.ActiveCfg = Debug|Any CPU
		{BF21FB28-765E-4910-AA31-537CF941CB12}.Debug|Any CPU.Build.0 = Debug|Any CPU
		{BF21FB28-765E-4910-AA31-537CF941CB12}.Release|Any CPU.ActiveCfg = Release|Any CPU
		{BF21FB28-765E-4910-AA31-537CF941CB12}.Release|Any CPU.Build.0 = Release|Any CPU
		{634078AE-C756-4239-B08D-8759F1EE61EC}.Debug|Any CPU.ActiveCfg = Debug|Any CPU
		{634078AE-C756-4239-B08D-8759F1EE61EC}.Debug|Any CPU.Build.0 = Debug|Any CPU
		{634078AE-C756-4239-B08D-8759F1EE61EC}.Release|Any CPU.ActiveCfg = Release|Any CPU
		{634078AE-C756-4239-B08D-8759F1EE61EC}.Release|Any CPU.Build.0 = Release|Any CPU
		{337D27C5-EB1E-40EC-A955-A52992D068F7}.Debug|Any CPU.ActiveCfg = Debug|Any CPU
		{337D27C5-EB1E-40EC-A955-A52992D068F7}.Debug|Any CPU.Build.0 = Debug|Any CPU
		{337D27C5-EB1E-40EC-A955-A52992D068F7}.Release|Any CPU.ActiveCfg = Release|Any CPU
		{337D27C5-EB1E-40EC-A955-A52992D068F7}.Release|Any CPU.Build.0 = Release|Any CPU
		{1FEB39C2-94B3-47AD-8454-ED79F45E63B0}.Debug|Any CPU.ActiveCfg = Debug|Any CPU
		{1FEB39C2-94B3-47AD-8454-ED79F45E63B0}.Debug|Any CPU.Build.0 = Debug|Any CPU
		{1FEB39C2-94B3-47AD-8454-ED79F45E63B0}.Release|Any CPU.ActiveCfg = Release|Any CPU
		{1FEB39C2-94B3-47AD-8454-ED79F45E63B0}.Release|Any CPU.Build.0 = Release|Any CPU
		{32DA1C7E-20CF-46F0-9FCD-3D1F502055C1}.Debug|Any CPU.ActiveCfg = Debug|Any CPU
		{32DA1C7E-20CF-46F0-9FCD-3D1F502055C1}.Debug|Any CPU.Build.0 = Debug|Any CPU
		{32DA1C7E-20CF-46F0-9FCD-3D1F502055C1}.Release|Any CPU.ActiveCfg = Release|Any CPU
		{32DA1C7E-20CF-46F0-9FCD-3D1F502055C1}.Release|Any CPU.Build.0 = Release|Any CPU
		{68F8D8AD-F1FF-4460-82E5-E2AB9108B72D}.Debug|Any CPU.ActiveCfg = Debug|Any CPU
		{68F8D8AD-F1FF-4460-82E5-E2AB9108B72D}.Debug|Any CPU.Build.0 = Debug|Any CPU
		{68F8D8AD-F1FF-4460-82E5-E2AB9108B72D}.Release|Any CPU.ActiveCfg = Release|Any CPU
		{68F8D8AD-F1FF-4460-82E5-E2AB9108B72D}.Release|Any CPU.Build.0 = Release|Any CPU
		{148DE72E-BCC3-4E89-8B5D-46CE929FE6ED}.Debug|Any CPU.ActiveCfg = Debug|Any CPU
		{148DE72E-BCC3-4E89-8B5D-46CE929FE6ED}.Debug|Any CPU.Build.0 = Debug|Any CPU
		{148DE72E-BCC3-4E89-8B5D-46CE929FE6ED}.Release|Any CPU.ActiveCfg = Release|Any CPU
		{148DE72E-BCC3-4E89-8B5D-46CE929FE6ED}.Release|Any CPU.Build.0 = Release|Any CPU
		{786764C2-2AA4-4E1A-997A-69A4B104FE02}.Debug|Any CPU.ActiveCfg = Debug|Any CPU
		{786764C2-2AA4-4E1A-997A-69A4B104FE02}.Debug|Any CPU.Build.0 = Debug|Any CPU
		{786764C2-2AA4-4E1A-997A-69A4B104FE02}.Release|Any CPU.ActiveCfg = Release|Any CPU
		{786764C2-2AA4-4E1A-997A-69A4B104FE02}.Release|Any CPU.Build.0 = Release|Any CPU
		{4945F7C5-5372-4700-BE82-D058F2CE17CC}.Debug|Any CPU.ActiveCfg = Debug|Any CPU
		{4945F7C5-5372-4700-BE82-D058F2CE17CC}.Debug|Any CPU.Build.0 = Debug|Any CPU
		{4945F7C5-5372-4700-BE82-D058F2CE17CC}.Release|Any CPU.ActiveCfg = Release|Any CPU
		{4945F7C5-5372-4700-BE82-D058F2CE17CC}.Release|Any CPU.Build.0 = Release|Any CPU
		{8296A013-6234-4613-B5B4-ED0172A5AC1F}.Debug|Any CPU.ActiveCfg = Debug|Any CPU
		{8296A013-6234-4613-B5B4-ED0172A5AC1F}.Debug|Any CPU.Build.0 = Debug|Any CPU
		{8296A013-6234-4613-B5B4-ED0172A5AC1F}.Release|Any CPU.ActiveCfg = Release|Any CPU
		{8296A013-6234-4613-B5B4-ED0172A5AC1F}.Release|Any CPU.Build.0 = Release|Any CPU
		{6773EC7F-4A38-4BCB-A374-9B9BA05640EC}.Debug|Any CPU.ActiveCfg = Debug|Any CPU
		{6773EC7F-4A38-4BCB-A374-9B9BA05640EC}.Debug|Any CPU.Build.0 = Debug|Any CPU
		{6773EC7F-4A38-4BCB-A374-9B9BA05640EC}.Release|Any CPU.ActiveCfg = Release|Any CPU
		{6773EC7F-4A38-4BCB-A374-9B9BA05640EC}.Release|Any CPU.Build.0 = Release|Any CPU
		{0D0382B4-EFE2-482F-9E82-F5B61350B9FC}.Debug|Any CPU.ActiveCfg = Debug|Any CPU
		{0D0382B4-EFE2-482F-9E82-F5B61350B9FC}.Debug|Any CPU.Build.0 = Debug|Any CPU
		{0D0382B4-EFE2-482F-9E82-F5B61350B9FC}.Release|Any CPU.ActiveCfg = Release|Any CPU
		{0D0382B4-EFE2-482F-9E82-F5B61350B9FC}.Release|Any CPU.Build.0 = Release|Any CPU
		{B00A07E6-2AC2-4185-A4B1-894AC4C1DDDB}.Debug|Any CPU.ActiveCfg = Debug|Any CPU
		{B00A07E6-2AC2-4185-A4B1-894AC4C1DDDB}.Debug|Any CPU.Build.0 = Debug|Any CPU
		{B00A07E6-2AC2-4185-A4B1-894AC4C1DDDB}.Release|Any CPU.ActiveCfg = Release|Any CPU
		{B00A07E6-2AC2-4185-A4B1-894AC4C1DDDB}.Release|Any CPU.Build.0 = Release|Any CPU
		{C1BCF3D1-0892-4BE6-9E57-0F7681997ABB}.Debug|Any CPU.ActiveCfg = Debug|Any CPU
		{C1BCF3D1-0892-4BE6-9E57-0F7681997ABB}.Debug|Any CPU.Build.0 = Debug|Any CPU
		{C1BCF3D1-0892-4BE6-9E57-0F7681997ABB}.Release|Any CPU.ActiveCfg = Release|Any CPU
		{C1BCF3D1-0892-4BE6-9E57-0F7681997ABB}.Release|Any CPU.Build.0 = Release|Any CPU
	EndGlobalSection
	GlobalSection(SolutionProperties) = preSolution
		HideSolutionNode = FALSE
	EndGlobalSection
	GlobalSection(ExtensibilityGlobals) = postSolution
		SolutionGuid = {3267786C-5D28-4AD4-8E00-E68DD21FA063}
	EndGlobalSection
EndGlobal
